// !$*UTF8*$!
{
	archiveVersion = 1;
	classes = {
	};
	objectVersion = 56;
	objects = {

/* Begin PBXBuildFile section */
		615AE5592A88BC85005222D7 /* PairView.swift in Sources */ = {isa = PBXBuildFile; fileRef = 615AE5582A88BC85005222D7 /* PairView.swift */; };
		615AE55B2A88BD18005222D7 /* GameView.swift in Sources */ = {isa = PBXBuildFile; fileRef = 615AE55A2A88BD18005222D7 /* GameView.swift */; };
		615AE55F2A88CA4D005222D7 /* StartView.swift in Sources */ = {isa = PBXBuildFile; fileRef = 615AE55E2A88CA4D005222D7 /* StartView.swift */; };
		615AE5612A88CAC3005222D7 /* OrderView.swift in Sources */ = {isa = PBXBuildFile; fileRef = 615AE5602A88CAC3005222D7 /* OrderView.swift */; };
		615D10D52A8335A4007699FE /* CobaMultiPeerApp.swift in Sources */ = {isa = PBXBuildFile; fileRef = 615D10D42A8335A4007699FE /* CobaMultiPeerApp.swift */; };
		615D10D72A8335A4007699FE /* ContentView.swift in Sources */ = {isa = PBXBuildFile; fileRef = 615D10D62A8335A4007699FE /* ContentView.swift */; };
		615D10D92A8335A5007699FE /* Assets.xcassets in Resources */ = {isa = PBXBuildFile; fileRef = 615D10D82A8335A5007699FE /* Assets.xcassets */; };
		615D10DC2A8335A5007699FE /* Preview Assets.xcassets in Resources */ = {isa = PBXBuildFile; fileRef = 615D10DB2A8335A5007699FE /* Preview Assets.xcassets */; };
		61AD98542A8B038200CB78E1 /* KitchenView.swift in Sources */ = {isa = PBXBuildFile; fileRef = 61AD98532A8B038200CB78E1 /* KitchenView.swift */; };
		61C782D92A848EFD00B7726F /* MPConnectionManager.swift in Sources */ = {isa = PBXBuildFile; fileRef = 61C782D82A848EFD00B7726F /* MPConnectionManager.swift */; };
/* End PBXBuildFile section */

/* Begin PBXFileReference section */
		615AE5582A88BC85005222D7 /* PairView.swift */ = {isa = PBXFileReference; lastKnownFileType = sourcecode.swift; path = PairView.swift; sourceTree = "<group>"; };
		615AE55A2A88BD18005222D7 /* GameView.swift */ = {isa = PBXFileReference; lastKnownFileType = sourcecode.swift; path = GameView.swift; sourceTree = "<group>"; };
		615AE55E2A88CA4D005222D7 /* StartView.swift */ = {isa = PBXFileReference; lastKnownFileType = sourcecode.swift; path = StartView.swift; sourceTree = "<group>"; };
		615AE5602A88CAC3005222D7 /* OrderView.swift */ = {isa = PBXFileReference; lastKnownFileType = sourcecode.swift; path = OrderView.swift; sourceTree = "<group>"; };
		615D10D12A8335A4007699FE /* CobaMultiPeer.app */ = {isa = PBXFileReference; explicitFileType = wrapper.application; includeInIndex = 0; path = CobaMultiPeer.app; sourceTree = BUILT_PRODUCTS_DIR; };
		615D10D42A8335A4007699FE /* CobaMultiPeerApp.swift */ = {isa = PBXFileReference; lastKnownFileType = sourcecode.swift; path = CobaMultiPeerApp.swift; sourceTree = "<group>"; };
		615D10D62A8335A4007699FE /* ContentView.swift */ = {isa = PBXFileReference; lastKnownFileType = sourcecode.swift; path = ContentView.swift; sourceTree = "<group>"; };
		615D10D82A8335A5007699FE /* Assets.xcassets */ = {isa = PBXFileReference; lastKnownFileType = folder.assetcatalog; path = Assets.xcassets; sourceTree = "<group>"; };
		615D10DB2A8335A5007699FE /* Preview Assets.xcassets */ = {isa = PBXFileReference; lastKnownFileType = folder.assetcatalog; path = "Preview Assets.xcassets"; sourceTree = "<group>"; };
		61AD98532A8B038200CB78E1 /* KitchenView.swift */ = {isa = PBXFileReference; lastKnownFileType = sourcecode.swift; path = KitchenView.swift; sourceTree = "<group>"; };
		61C782D62A848DD100B7726F /* Info.plist */ = {isa = PBXFileReference; lastKnownFileType = text.plist; path = Info.plist; sourceTree = "<group>"; };
		61C782D82A848EFD00B7726F /* MPConnectionManager.swift */ = {isa = PBXFileReference; lastKnownFileType = sourcecode.swift; path = MPConnectionManager.swift; sourceTree = "<group>"; };
/* End PBXFileReference section */

/* Begin PBXFrameworksBuildPhase section */
		615D10CE2A8335A4007699FE /* Frameworks */ = {
			isa = PBXFrameworksBuildPhase;
			buildActionMask = 2147483647;
			files = (
			);
			runOnlyForDeploymentPostprocessing = 0;
		};
/* End PBXFrameworksBuildPhase section */

/* Begin PBXGroup section */
		615D10C82A8335A4007699FE = {
			isa = PBXGroup;
			children = (
				615D10D32A8335A4007699FE /* CobaMultiPeer */,
				615D10D22A8335A4007699FE /* Products */,
			);
			sourceTree = "<group>";
		};
		615D10D22A8335A4007699FE /* Products */ = {
			isa = PBXGroup;
			children = (
				615D10D12A8335A4007699FE /* CobaMultiPeer.app */,
			);
			name = Products;
			sourceTree = "<group>";
		};
		615D10D32A8335A4007699FE /* CobaMultiPeer */ = {
			isa = PBXGroup;
			children = (
				61C782D72A848EB100B7726F /* MultiPeerConnectivity */,
				61C782D62A848DD100B7726F /* Info.plist */,
				615D10D42A8335A4007699FE /* CobaMultiPeerApp.swift */,
				615D10D62A8335A4007699FE /* ContentView.swift */,
				615D10D82A8335A5007699FE /* Assets.xcassets */,
				615D10DA2A8335A5007699FE /* Preview Content */,
				615AE5582A88BC85005222D7 /* PairView.swift */,
				615AE55A2A88BD18005222D7 /* GameView.swift */,
				615AE55E2A88CA4D005222D7 /* StartView.swift */,
				615AE5602A88CAC3005222D7 /* OrderView.swift */,
				61AD98532A8B038200CB78E1 /* KitchenView.swift */,
			);
			path = CobaMultiPeer;
			sourceTree = "<group>";
		};
		615D10DA2A8335A5007699FE /* Preview Content */ = {
			isa = PBXGroup;
			children = (
				615D10DB2A8335A5007699FE /* Preview Assets.xcassets */,
			);
			path = "Preview Content";
			sourceTree = "<group>";
		};
		61C782D72A848EB100B7726F /* MultiPeerConnectivity */ = {
			isa = PBXGroup;
			children = (
				61C782D82A848EFD00B7726F /* MPConnectionManager.swift */,
			);
			path = MultiPeerConnectivity;
			sourceTree = "<group>";
		};
/* End PBXGroup section */

/* Begin PBXNativeTarget section */
		615D10D02A8335A4007699FE /* CobaMultiPeer */ = {
			isa = PBXNativeTarget;
			buildConfigurationList = 615D10DF2A8335A5007699FE /* Build configuration list for PBXNativeTarget "CobaMultiPeer" */;
			buildPhases = (
				615D10CD2A8335A4007699FE /* Sources */,
				615D10CE2A8335A4007699FE /* Frameworks */,
				615D10CF2A8335A4007699FE /* Resources */,
			);
			buildRules = (
			);
			dependencies = (
			);
			name = CobaMultiPeer;
			productName = CobaMultiPeer;
			productReference = 615D10D12A8335A4007699FE /* CobaMultiPeer.app */;
			productType = "com.apple.product-type.application";
		};
/* End PBXNativeTarget section */

/* Begin PBXProject section */
		615D10C92A8335A4007699FE /* Project object */ = {
			isa = PBXProject;
			attributes = {
				BuildIndependentTargetsInParallel = 1;
				LastSwiftUpdateCheck = 1430;
				LastUpgradeCheck = 1430;
				TargetAttributes = {
					615D10D02A8335A4007699FE = {
						CreatedOnToolsVersion = 14.3;
					};
				};
			};
			buildConfigurationList = 615D10CC2A8335A4007699FE /* Build configuration list for PBXProject "CobaMultiPeer" */;
			compatibilityVersion = "Xcode 14.0";
			developmentRegion = en;
			hasScannedForEncodings = 0;
			knownRegions = (
				en,
				Base,
			);
			mainGroup = 615D10C82A8335A4007699FE;
			productRefGroup = 615D10D22A8335A4007699FE /* Products */;
			projectDirPath = "";
			projectRoot = "";
			targets = (
				615D10D02A8335A4007699FE /* CobaMultiPeer */,
			);
		};
/* End PBXProject section */

/* Begin PBXResourcesBuildPhase section */
		615D10CF2A8335A4007699FE /* Resources */ = {
			isa = PBXResourcesBuildPhase;
			buildActionMask = 2147483647;
			files = (
				615D10DC2A8335A5007699FE /* Preview Assets.xcassets in Resources */,
				615D10D92A8335A5007699FE /* Assets.xcassets in Resources */,
			);
			runOnlyForDeploymentPostprocessing = 0;
		};
/* End PBXResourcesBuildPhase section */

/* Begin PBXSourcesBuildPhase section */
		615D10CD2A8335A4007699FE /* Sources */ = {
			isa = PBXSourcesBuildPhase;
			buildActionMask = 2147483647;
			files = (
				615AE5592A88BC85005222D7 /* PairView.swift in Sources */,
				615D10D72A8335A4007699FE /* ContentView.swift in Sources */,
				615D10D52A8335A4007699FE /* CobaMultiPeerApp.swift in Sources */,
				615AE55F2A88CA4D005222D7 /* StartView.swift in Sources */,
				615AE5612A88CAC3005222D7 /* OrderView.swift in Sources */,
				61AD98542A8B038200CB78E1 /* KitchenView.swift in Sources */,
				61C782D92A848EFD00B7726F /* MPConnectionManager.swift in Sources */,
				615AE55B2A88BD18005222D7 /* GameView.swift in Sources */,
			);
			runOnlyForDeploymentPostprocessing = 0;
		};
/* End PBXSourcesBuildPhase section */

/* Begin XCBuildConfiguration section */
		615D10DD2A8335A5007699FE /* Debug */ = {
			isa = XCBuildConfiguration;
			buildSettings = {
				ALWAYS_SEARCH_USER_PATHS = NO;
				CLANG_ANALYZER_NONNULL = YES;
				CLANG_ANALYZER_NUMBER_OBJECT_CONVERSION = YES_AGGRESSIVE;
				CLANG_CXX_LANGUAGE_STANDARD = "gnu++20";
				CLANG_ENABLE_MODULES = YES;
				CLANG_ENABLE_OBJC_ARC = YES;
				CLANG_ENABLE_OBJC_WEAK = YES;
				CLANG_WARN_BLOCK_CAPTURE_AUTORELEASING = YES;
				CLANG_WARN_BOOL_CONVERSION = YES;
				CLANG_WARN_COMMA = YES;
				CLANG_WARN_CONSTANT_CONVERSION = YES;
				CLANG_WARN_DEPRECATED_OBJC_IMPLEMENTATIONS = YES;
				CLANG_WARN_DIRECT_OBJC_ISA_USAGE = YES_ERROR;
				CLANG_WARN_DOCUMENTATION_COMMENTS = YES;
				CLANG_WARN_EMPTY_BODY = YES;
				CLANG_WARN_ENUM_CONVERSION = YES;
				CLANG_WARN_INFINITE_RECURSION = YES;
				CLANG_WARN_INT_CONVERSION = YES;
				CLANG_WARN_NON_LITERAL_NULL_CONVERSION = YES;
				CLANG_WARN_OBJC_IMPLICIT_RETAIN_SELF = YES;
				CLANG_WARN_OBJC_LITERAL_CONVERSION = YES;
				CLANG_WARN_OBJC_ROOT_CLASS = YES_ERROR;
				CLANG_WARN_QUOTED_INCLUDE_IN_FRAMEWORK_HEADER = YES;
				CLANG_WARN_RANGE_LOOP_ANALYSIS = YES;
				CLANG_WARN_STRICT_PROTOTYPES = YES;
				CLANG_WARN_SUSPICIOUS_MOVE = YES;
				CLANG_WARN_UNGUARDED_AVAILABILITY = YES_AGGRESSIVE;
				CLANG_WARN_UNREACHABLE_CODE = YES;
				CLANG_WARN__DUPLICATE_METHOD_MATCH = YES;
				COPY_PHASE_STRIP = NO;
				DEBUG_INFORMATION_FORMAT = dwarf;
				ENABLE_STRICT_OBJC_MSGSEND = YES;
				ENABLE_TESTABILITY = YES;
				GCC_C_LANGUAGE_STANDARD = gnu11;
				GCC_DYNAMIC_NO_PIC = NO;
				GCC_NO_COMMON_BLOCKS = YES;
				GCC_OPTIMIZATION_LEVEL = 0;
				GCC_PREPROCESSOR_DEFINITIONS = (
					"DEBUG=1",
					"$(inherited)",
				);
				GCC_WARN_64_TO_32_BIT_CONVERSION = YES;
				GCC_WARN_ABOUT_RETURN_TYPE = YES_ERROR;
				GCC_WARN_UNDECLARED_SELECTOR = YES;
				GCC_WARN_UNINITIALIZED_AUTOS = YES_AGGRESSIVE;
				GCC_WARN_UNUSED_FUNCTION = YES;
				GCC_WARN_UNUSED_VARIABLE = YES;
				IPHONEOS_DEPLOYMENT_TARGET = 16.4;
				MTL_ENABLE_DEBUG_INFO = INCLUDE_SOURCE;
				MTL_FAST_MATH = YES;
				ONLY_ACTIVE_ARCH = YES;
				SDKROOT = iphoneos;
				SWIFT_ACTIVE_COMPILATION_CONDITIONS = DEBUG;
				SWIFT_OPTIMIZATION_LEVEL = "-Onone";
			};
			name = Debug;
		};
		615D10DE2A8335A5007699FE /* Release */ = {
			isa = XCBuildConfiguration;
			buildSettings = {
				ALWAYS_SEARCH_USER_PATHS = NO;
				CLANG_ANALYZER_NONNULL = YES;
				CLANG_ANALYZER_NUMBER_OBJECT_CONVERSION = YES_AGGRESSIVE;
				CLANG_CXX_LANGUAGE_STANDARD = "gnu++20";
				CLANG_ENABLE_MODULES = YES;
				CLANG_ENABLE_OBJC_ARC = YES;
				CLANG_ENABLE_OBJC_WEAK = YES;
				CLANG_WARN_BLOCK_CAPTURE_AUTORELEASING = YES;
				CLANG_WARN_BOOL_CONVERSION = YES;
				CLANG_WARN_COMMA = YES;
				CLANG_WARN_CONSTANT_CONVERSION = YES;
				CLANG_WARN_DEPRECATED_OBJC_IMPLEMENTATIONS = YES;
				CLANG_WARN_DIRECT_OBJC_ISA_USAGE = YES_ERROR;
				CLANG_WARN_DOCUMENTATION_COMMENTS = YES;
				CLANG_WARN_EMPTY_BODY = YES;
				CLANG_WARN_ENUM_CONVERSION = YES;
				CLANG_WARN_INFINITE_RECURSION = YES;
				CLANG_WARN_INT_CONVERSION = YES;
				CLANG_WARN_NON_LITERAL_NULL_CONVERSION = YES;
				CLANG_WARN_OBJC_IMPLICIT_RETAIN_SELF = YES;
				CLANG_WARN_OBJC_LITERAL_CONVERSION = YES;
				CLANG_WARN_OBJC_ROOT_CLASS = YES_ERROR;
				CLANG_WARN_QUOTED_INCLUDE_IN_FRAMEWORK_HEADER = YES;
				CLANG_WARN_RANGE_LOOP_ANALYSIS = YES;
				CLANG_WARN_STRICT_PROTOTYPES = YES;
				CLANG_WARN_SUSPICIOUS_MOVE = YES;
				CLANG_WARN_UNGUARDED_AVAILABILITY = YES_AGGRESSIVE;
				CLANG_WARN_UNREACHABLE_CODE = YES;
				CLANG_WARN__DUPLICATE_METHOD_MATCH = YES;
				COPY_PHASE_STRIP = NO;
				DEBUG_INFORMATION_FORMAT = "dwarf-with-dsym";
				ENABLE_NS_ASSERTIONS = NO;
				ENABLE_STRICT_OBJC_MSGSEND = YES;
				GCC_C_LANGUAGE_STANDARD = gnu11;
				GCC_NO_COMMON_BLOCKS = YES;
				GCC_WARN_64_TO_32_BIT_CONVERSION = YES;
				GCC_WARN_ABOUT_RETURN_TYPE = YES_ERROR;
				GCC_WARN_UNDECLARED_SELECTOR = YES;
				GCC_WARN_UNINITIALIZED_AUTOS = YES_AGGRESSIVE;
				GCC_WARN_UNUSED_FUNCTION = YES;
				GCC_WARN_UNUSED_VARIABLE = YES;
				IPHONEOS_DEPLOYMENT_TARGET = 16.4;
				MTL_ENABLE_DEBUG_INFO = NO;
				MTL_FAST_MATH = YES;
				SDKROOT = iphoneos;
				SWIFT_COMPILATION_MODE = wholemodule;
				SWIFT_OPTIMIZATION_LEVEL = "-O";
				VALIDATE_PRODUCT = YES;
			};
			name = Release;
		};
		615D10E02A8335A5007699FE /* Debug */ = {
			isa = XCBuildConfiguration;
			buildSettings = {
				ASSETCATALOG_COMPILER_APPICON_NAME = AppIcon;
				ASSETCATALOG_COMPILER_GLOBAL_ACCENT_COLOR_NAME = AccentColor;
				CODE_SIGN_STYLE = Automatic;
				CURRENT_PROJECT_VERSION = 1;
				DEVELOPMENT_ASSET_PATHS = "\"CobaMultiPeer/Preview Content\"";
				DEVELOPMENT_TEAM = 3Q7J3887JY;
				ENABLE_PREVIEWS = YES;
				GENERATE_INFOPLIST_FILE = YES;
				INFOPLIST_FILE = CobaMultiPeer/Info.plist;
				INFOPLIST_KEY_NSLocalNetworkUsageDescription = "Woud like to play Xs and Os";
				INFOPLIST_KEY_UIApplicationSceneManifest_Generation = YES;
				INFOPLIST_KEY_UIApplicationSupportsIndirectInputEvents = YES;
				INFOPLIST_KEY_UILaunchScreen_Generation = YES;
				INFOPLIST_KEY_UISupportedInterfaceOrientations_iPad = "UIInterfaceOrientationPortrait UIInterfaceOrientationPortraitUpsideDown UIInterfaceOrientationLandscapeLeft UIInterfaceOrientationLandscapeRight";
				INFOPLIST_KEY_UISupportedInterfaceOrientations_iPhone = "UIInterfaceOrientationPortrait UIInterfaceOrientationLandscapeLeft UIInterfaceOrientationLandscapeRight";
				LD_RUNPATH_SEARCH_PATHS = (
					"$(inherited)",
					"@executable_path/Frameworks",
				);
				MARKETING_VERSION = 1.0;
				PRODUCT_BUNDLE_IDENTIFIER = com.ada.CobaMultiPeer;
				PRODUCT_NAME = "$(TARGET_NAME)";
				SWIFT_EMIT_LOC_STRINGS = YES;
				SWIFT_VERSION = 5.0;
				TARGETED_DEVICE_FAMILY = "1,2";
			};
			name = Debug;
		};
		615D10E12A8335A5007699FE /* Release */ = {
			isa = XCBuildConfiguration;
			buildSettings = {
				ASSETCATALOG_COMPILER_APPICON_NAME = AppIcon;
				ASSETCATALOG_COMPILER_GLOBAL_ACCENT_COLOR_NAME = AccentColor;
				CODE_SIGN_STYLE = Automatic;
				CURRENT_PROJECT_VERSION = 1;
				DEVELOPMENT_ASSET_PATHS = "\"CobaMultiPeer/Preview Content\"";
				DEVELOPMENT_TEAM = 3Q7J3887JY;
				ENABLE_PREVIEWS = YES;
				GENERATE_INFOPLIST_FILE = YES;
				INFOPLIST_FILE = CobaMultiPeer/Info.plist;
				INFOPLIST_KEY_NSLocalNetworkUsageDescription = "Woud like to play Xs and Os";
				INFOPLIST_KEY_UIApplicationSceneManifest_Generation = YES;
				INFOPLIST_KEY_UIApplicationSupportsIndirectInputEvents = YES;
				INFOPLIST_KEY_UILaunchScreen_Generation = YES;
				INFOPLIST_KEY_UISupportedInterfaceOrientations_iPad = "UIInterfaceOrientationPortrait UIInterfaceOrientationPortraitUpsideDown UIInterfaceOrientationLandscapeLeft UIInterfaceOrientationLandscapeRight";
				INFOPLIST_KEY_UISupportedInterfaceOrientations_iPhone = "UIInterfaceOrientationPortrait UIInterfaceOrientationLandscapeLeft UIInterfaceOrientationLandscapeRight";
				LD_RUNPATH_SEARCH_PATHS = (
					"$(inherited)",
					"@executable_path/Frameworks",
				);
				MARKETING_VERSION = 1.0;
				PRODUCT_BUNDLE_IDENTIFIER = com.ada.CobaMultiPeer;
				PRODUCT_NAME = "$(TARGET_NAME)";
				SWIFT_EMIT_LOC_STRINGS = YES;
				SWIFT_VERSION = 5.0;
				TARGETED_DEVICE_FAMILY = "1,2";
			};
			name = Release;
		};
/* End XCBuildConfiguration section */

/* Begin XCConfigurationList section */
		615D10CC2A8335A4007699FE /* Build configuration list for PBXProject "CobaMultiPeer" */ = {
			isa = XCConfigurationList;
			buildConfigurations = (
				615D10DD2A8335A5007699FE /* Debug */,
				615D10DE2A8335A5007699FE /* Release */,
			);
			defaultConfigurationIsVisible = 0;
			defaultConfigurationName = Release;
		};
		615D10DF2A8335A5007699FE /* Build configuration list for PBXNativeTarget "CobaMultiPeer" */ = {
			isa = XCConfigurationList;
			buildConfigurations = (
				615D10E02A8335A5007699FE /* Debug */,
				615D10E12A8335A5007699FE /* Release */,
			);
			defaultConfigurationIsVisible = 0;
			defaultConfigurationName = Release;
		};
/* End XCConfigurationList section */
	};
	rootObject = 615D10C92A8335A4007699FE /* Project object */;
}
